
Microsoft Visual Studio Solution File, Format Version 12.00
# Visual Studio Version 16
VisualStudioVersion = 16.0.30804.86
MinimumVisualStudioVersion = 10.0.40219.1
Project("{FAE04EC0-301F-11D3-BF4B-00C04F79EFBC}") = "week10", "week10\week10.csproj", "{FC1E861F-86B5-46C1-ADB3-AA3B37A26E5B}"
EndProject
Global
	GlobalSection(SolutionConfigurationPlatforms) = preSolution
		Debug|Any CPU = Debug|Any CPU
		Release|Any CPU = Release|Any CPU
	EndGlobalSection
	GlobalSection(ProjectConfigurationPlatforms) = postSolution
		{FC1E861F-86B5-46C1-ADB3-AA3B37A26E5B}.Debug|Any CPU.ActiveCfg = Debug|Any CPU
		{FC1E861F-86B5-46C1-ADB3-AA3B37A26E5B}.Debug|Any CPU.Build.0 = Debug|Any CPU
		{FC1E861F-86B5-46C1-ADB3-AA3B37A26E5B}.Release|Any CPU.ActiveCfg = Release|Any CPU
		{FC1E861F-86B5-46C1-ADB3-AA3B37A26E5B}.Release|Any CPU.Build.0 = Release|Any CPU
	EndGlobalSection
	GlobalSection(SolutionProperties) = preSolution
		HideSolutionNode = FALSE
	EndGlobalSection
	GlobalSection(ExtensibilityGlobals) = postSolution
		SolutionGuid = {FD4B6010-9407-45E8-854C-2EAEAF869276}
	EndGlobalSection
EndGlobal
