
Microsoft Visual Studio Solution File, Format Version 12.00
# Visual Studio Version 16
VisualStudioVersion = 16.0.30804.86
MinimumVisualStudioVersion = 10.0.40219.1
Project("{FAE04EC0-301F-11D3-BF4B-00C04F79EFBC}") = "week08", "week08\week08.csproj", "{8895E51C-8AD1-4EC0-AB62-87BC5F47109A}"
EndProject
Global
	GlobalSection(SolutionConfigurationPlatforms) = preSolution
		Debug|Any CPU = Debug|Any CPU
		Release|Any CPU = Release|Any CPU
	EndGlobalSection
	GlobalSection(ProjectConfigurationPlatforms) = postSolution
		{8895E51C-8AD1-4EC0-AB62-87BC5F47109A}.Debug|Any CPU.ActiveCfg = Debug|Any CPU
		{8895E51C-8AD1-4EC0-AB62-87BC5F47109A}.Debug|Any CPU.Build.0 = Debug|Any CPU
		{8895E51C-8AD1-4EC0-AB62-87BC5F47109A}.Release|Any CPU.ActiveCfg = Release|Any CPU
		{8895E51C-8AD1-4EC0-AB62-87BC5F47109A}.Release|Any CPU.Build.0 = Release|Any CPU
	EndGlobalSection
	GlobalSection(SolutionProperties) = preSolution
		HideSolutionNode = FALSE
	EndGlobalSection
	GlobalSection(ExtensibilityGlobals) = postSolution
		SolutionGuid = {210FCDBF-4D36-4CFD-AFB3-DBC0513D7A14}
	EndGlobalSection
EndGlobal
